
Microsoft Visual Studio Solution File, Format Version 12.00
# Visual Studio Version 17
VisualStudioVersion = 17.6.33829.357
MinimumVisualStudioVersion = 10.0.40219.1
Project("{9A19103F-16F7-4668-BE54-9A1E7A4F7556}") = "Ticket_Management.Api", "Ticket_Management.Api\Ticket_Management.Api.csproj", "{EF673FDE-7668-4785-B01C-A3FAA5186261}"
EndProject
Global
	GlobalSection(SolutionConfigurationPlatforms) = preSolution
		Debug|Any CPU = Debug|Any CPU
		Release|Any CPU = Release|Any CPU
	EndGlobalSection
	GlobalSection(ProjectConfigurationPlatforms) = postSolution
		{EF673FDE-7668-4785-B01C-A3FAA5186261}.Debug|Any CPU.ActiveCfg = Debug|Any CPU
		{EF673FDE-7668-4785-B01C-A3FAA5186261}.Debug|Any CPU.Build.0 = Debug|Any CPU
		{EF673FDE-7668-4785-B01C-A3FAA5186261}.Release|Any CPU.ActiveCfg = Release|Any CPU
		{EF673FDE-7668-4785-B01C-A3FAA5186261}.Release|Any CPU.Build.0 = Release|Any CPU
	EndGlobalSection
	GlobalSection(SolutionProperties) = preSolution
		HideSolutionNode = FALSE
	EndGlobalSection
	GlobalSection(ExtensibilityGlobals) = postSolution
		SolutionGuid = {F1FB5159-84D5-4A94-8386-6809EF65DD21}
	EndGlobalSection
EndGlobal
